
Microsoft Visual Studio Solution File, Format Version 12.00
# Visual Studio Version 16
VisualStudioVersion = 16.0.30907.101
MinimumVisualStudioVersion = 10.0.40219.1
Project("{8BC9CEB8-8B4A-11D0-8D11-00A0C91BC942}") = "Controller", "Controller\Controller.vcxproj", "{C5F80730-F44F-4478-BDAE-6634EFC2CA88}"
EndProject
Project("{8BC9CEB8-8B4A-11D0-8D11-00A0C91BC942}") = "ControllerBase", "ControllerBase\ControllerBase.vcxitems", "{00EEAC9B-D6D2-41DD-9553-36290B1F882D}"
EndProject
Project("{8BC9CEB8-8B4A-11D0-8D11-00A0C91BC942}") = "DeviceBase", "DeviceBase\DeviceBase.vcxitems", "{63A47E5D-FD07-453F-A2BB-1223882C2135}"
EndProject
Project("{8BC9CEB8-8B4A-11D0-8D11-00A0C91BC942}") = "Device", "Device\Device.vcxproj", "{D438F463-6F47-4ED4-A029-9766518FF6B7}"
EndProject
Project("{8BC9CEB8-8B4A-11D0-8D11-00A0C91BC942}") = "Testing", "Testing\Testing.vcxproj", "{7F3449B8-177A-4885-B8E1-6A9DA1C6072E}"
EndProject
Project("{8BC9CEB8-8B4A-11D0-8D11-00A0C91BC942}") = "Base", "Base\Base.vcxitems", "{4BBE113E-E7CF-4370-B89B-1BD05F9C546D}"
EndProject
Project("{8BC9CEB8-8B4A-11D0-8D11-00A0C91BC942}") = "XiaoPortTest", "XiaoPortTest\XiaoPortTest.vcxproj", "{4FB30992-815C-4CA6-8B5D-B1354A407834}"
EndProject
Project("{2150E333-8FDC-42A3-9474-1A3956D46DE8}") = "Application and WebServer", "Application and WebServer", "{F0DF2A8C-46FC-4CE3-8466-69FD4C06A2F4}"
EndProject
Project("{2150E333-8FDC-42A3-9474-1A3956D46DE8}") = "Device and Controller", "Device and Controller", "{0752A2E7-A08C-4525-8E21-96297AD397DE}"
EndProject
Project("{9A19103F-16F7-4668-BE54-9A1E7A4F7556}") = "ControlCore", "ControlCore\ControlCore.csproj", "{A6153D7C-8A62-49E3-89D6-C364BF075C71}"
EndProject
Project("{9A19103F-16F7-4668-BE54-9A1E7A4F7556}") = "Core", "Core\Core.csproj", "{36D6DA4B-4A34-4334-9C10-2E76AE5DA1D3}"
EndProject
Project("{9A19103F-16F7-4668-BE54-9A1E7A4F7556}") = "DesktopClient", "DesktopClient\DesktopClient.csproj", "{6CC20FE9-F753-4461-A7B4-089C2B4B6C2A}"
EndProject
Project("{9A19103F-16F7-4668-BE54-9A1E7A4F7556}") = "EmbedIO", "EmbedIO\EmbedIO.csproj", "{5E71D39C-E243-4E24-9209-DA25BEE0CE08}"
EndProject
Project("{9A19103F-16F7-4668-BE54-9A1E7A4F7556}") = "ScriptLib", "ScriptLib\ScriptLib.csproj", "{91894660-F2CB-44BB-B6EE-5541F1214E8B}"
EndProject
Project("{9A19103F-16F7-4668-BE54-9A1E7A4F7556}") = "Swan", "Swan\Swan.csproj", "{23E2616E-8F2D-4E06-B153-16B227BD58B1}"
EndProject
Project("{9A19103F-16F7-4668-BE54-9A1E7A4F7556}") = "WebCore", "WebCore\WebCore.csproj", "{95E528D2-8221-4212-BBFF-9E529227E12C}"
EndProject
Project("{9A19103F-16F7-4668-BE54-9A1E7A4F7556}") = "WebServer", "WebServer\WebServer.csproj", "{B1097FC0-779B-4248-8EFA-B4A93BBA7C69}"
EndProject
Global
	GlobalSection(SharedMSBuildProjectFiles) = preSolution
		ControllerBase\ControllerBase.vcxitems*{00eeac9b-d6d2-41dd-9553-36290b1f882d}*SharedItemsImports = 9
		Base\Base.vcxitems*{4bbe113e-e7cf-4370-b89b-1bd05f9c546d}*SharedItemsImports = 9
		DeviceBase\DeviceBase.vcxitems*{63a47e5d-fd07-453f-a2bb-1223882c2135}*SharedItemsImports = 9
		Base\Base.vcxitems*{7f3449b8-177a-4885-b8e1-6a9da1c6072e}*SharedItemsImports = 4
		ControllerBase\ControllerBase.vcxitems*{7f3449b8-177a-4885-b8e1-6a9da1c6072e}*SharedItemsImports = 4
		DeviceBase\DeviceBase.vcxitems*{7f3449b8-177a-4885-b8e1-6a9da1c6072e}*SharedItemsImports = 4
		Base\Base.vcxitems*{c5f80730-f44f-4478-bdae-6634efc2ca88}*SharedItemsImports = 4
		ControllerBase\ControllerBase.vcxitems*{c5f80730-f44f-4478-bdae-6634efc2ca88}*SharedItemsImports = 4
		Base\Base.vcxitems*{d438f463-6f47-4ed4-a029-9766518ff6b7}*SharedItemsImports = 4
		DeviceBase\DeviceBase.vcxitems*{d438f463-6f47-4ed4-a029-9766518ff6b7}*SharedItemsImports = 4
	EndGlobalSection
	GlobalSection(SolutionConfigurationPlatforms) = preSolution
		Debug|Any CPU = Debug|Any CPU
		Debug|x86 = Debug|x86
		Release|Any CPU = Release|Any CPU
		Release|x86 = Release|x86
	EndGlobalSection
	GlobalSection(ProjectConfigurationPlatforms) = postSolution
		{C5F80730-F44F-4478-BDAE-6634EFC2CA88}.Debug|Any CPU.ActiveCfg = Debug|Win32
		{C5F80730-F44F-4478-BDAE-6634EFC2CA88}.Debug|x86.ActiveCfg = Debug|Win32
		{C5F80730-F44F-4478-BDAE-6634EFC2CA88}.Debug|x86.Build.0 = Debug|Win32
		{C5F80730-F44F-4478-BDAE-6634EFC2CA88}.Release|Any CPU.ActiveCfg = Release|Win32
		{C5F80730-F44F-4478-BDAE-6634EFC2CA88}.Release|x86.ActiveCfg = Release|Win32
		{C5F80730-F44F-4478-BDAE-6634EFC2CA88}.Release|x86.Build.0 = Release|Win32
		{D438F463-6F47-4ED4-A029-9766518FF6B7}.Debug|Any CPU.ActiveCfg = Debug|Win32
		{D438F463-6F47-4ED4-A029-9766518FF6B7}.Debug|x86.ActiveCfg = Debug|Win32
		{D438F463-6F47-4ED4-A029-9766518FF6B7}.Debug|x86.Build.0 = Debug|Win32
		{D438F463-6F47-4ED4-A029-9766518FF6B7}.Release|Any CPU.ActiveCfg = Release|Win32
		{D438F463-6F47-4ED4-A029-9766518FF6B7}.Release|x86.ActiveCfg = Release|Win32
		{D438F463-6F47-4ED4-A029-9766518FF6B7}.Release|x86.Build.0 = Release|Win32
		{7F3449B8-177A-4885-B8E1-6A9DA1C6072E}.Debug|Any CPU.ActiveCfg = Debug|Win32
		{7F3449B8-177A-4885-B8E1-6A9DA1C6072E}.Debug|x86.ActiveCfg = Debug|Win32
		{7F3449B8-177A-4885-B8E1-6A9DA1C6072E}.Debug|x86.Build.0 = Debug|Win32
		{7F3449B8-177A-4885-B8E1-6A9DA1C6072E}.Release|Any CPU.ActiveCfg = Release|Win32
		{7F3449B8-177A-4885-B8E1-6A9DA1C6072E}.Release|x86.ActiveCfg = Release|Win32
		{7F3449B8-177A-4885-B8E1-6A9DA1C6072E}.Release|x86.Build.0 = Release|Win32
		{4FB30992-815C-4CA6-8B5D-B1354A407834}.Debug|Any CPU.ActiveCfg = Debug|Win32
		{4FB30992-815C-4CA6-8B5D-B1354A407834}.Debug|x86.ActiveCfg = Debug|Win32
		{4FB30992-815C-4CA6-8B5D-B1354A407834}.Debug|x86.Build.0 = Debug|Win32
		{4FB30992-815C-4CA6-8B5D-B1354A407834}.Release|Any CPU.ActiveCfg = Release|Win32
		{4FB30992-815C-4CA6-8B5D-B1354A407834}.Release|x86.ActiveCfg = Release|Win32
		{4FB30992-815C-4CA6-8B5D-B1354A407834}.Release|x86.Build.0 = Release|Win32
		{A6153D7C-8A62-49E3-89D6-C364BF075C71}.Debug|Any CPU.ActiveCfg = Debug|Any CPU
		{A6153D7C-8A62-49E3-89D6-C364BF075C71}.Debug|Any CPU.Build.0 = Debug|Any CPU
		{A6153D7C-8A62-49E3-89D6-C364BF075C71}.Debug|x86.ActiveCfg = Debug|Any CPU
		{A6153D7C-8A62-49E3-89D6-C364BF075C71}.Debug|x86.Build.0 = Debug|Any CPU
		{A6153D7C-8A62-49E3-89D6-C364BF075C71}.Release|Any CPU.ActiveCfg = Release|Any CPU
		{A6153D7C-8A62-49E3-89D6-C364BF075C71}.Release|Any CPU.Build.0 = Release|Any CPU
		{A6153D7C-8A62-49E3-89D6-C364BF075C71}.Release|x86.ActiveCfg = Release|Any CPU
		{A6153D7C-8A62-49E3-89D6-C364BF075C71}.Release|x86.Build.0 = Release|Any CPU
		{36D6DA4B-4A34-4334-9C10-2E76AE5DA1D3}.Debug|Any CPU.ActiveCfg = Debug|Any CPU
		{36D6DA4B-4A34-4334-9C10-2E76AE5DA1D3}.Debug|Any CPU.Build.0 = Debug|Any CPU
		{36D6DA4B-4A34-4334-9C10-2E76AE5DA1D3}.Debug|x86.ActiveCfg = Debug|Any CPU
		{36D6DA4B-4A34-4334-9C10-2E76AE5DA1D3}.Debug|x86.Build.0 = Debug|Any CPU
		{36D6DA4B-4A34-4334-9C10-2E76AE5DA1D3}.Release|Any CPU.ActiveCfg = Release|Any CPU
		{36D6DA4B-4A34-4334-9C10-2E76AE5DA1D3}.Release|Any CPU.Build.0 = Release|Any CPU
		{36D6DA4B-4A34-4334-9C10-2E76AE5DA1D3}.Release|x86.ActiveCfg = Release|Any CPU
		{36D6DA4B-4A34-4334-9C10-2E76AE5DA1D3}.Release|x86.Build.0 = Release|Any CPU
		{6CC20FE9-F753-4461-A7B4-089C2B4B6C2A}.Debug|Any CPU.ActiveCfg = Debug|Any CPU
		{6CC20FE9-F753-4461-A7B4-089C2B4B6C2A}.Debug|Any CPU.Build.0 = Debug|Any CPU
		{6CC20FE9-F753-4461-A7B4-089C2B4B6C2A}.Debug|x86.ActiveCfg = Debug|Any CPU
		{6CC20FE9-F753-4461-A7B4-089C2B4B6C2A}.Debug|x86.Build.0 = Debug|Any CPU
		{6CC20FE9-F753-4461-A7B4-089C2B4B6C2A}.Release|Any CPU.ActiveCfg = Release|Any CPU
		{6CC20FE9-F753-4461-A7B4-089C2B4B6C2A}.Release|Any CPU.Build.0 = Release|Any CPU
		{6CC20FE9-F753-4461-A7B4-089C2B4B6C2A}.Release|x86.ActiveCfg = Release|Any CPU
		{6CC20FE9-F753-4461-A7B4-089C2B4B6C2A}.Release|x86.Build.0 = Release|Any CPU
		{5E71D39C-E243-4E24-9209-DA25BEE0CE08}.Debug|Any CPU.ActiveCfg = Debug|Any CPU
		{5E71D39C-E243-4E24-9209-DA25BEE0CE08}.Debug|Any CPU.Build.0 = Debug|Any CPU
		{5E71D39C-E243-4E24-9209-DA25BEE0CE08}.Debug|x86.ActiveCfg = Debug|Any CPU
		{5E71D39C-E243-4E24-9209-DA25BEE0CE08}.Debug|x86.Build.0 = Debug|Any CPU
		{5E71D39C-E243-4E24-9209-DA25BEE0CE08}.Release|Any CPU.ActiveCfg = Release|Any CPU
		{5E71D39C-E243-4E24-9209-DA25BEE0CE08}.Release|Any CPU.Build.0 = Release|Any CPU
		{5E71D39C-E243-4E24-9209-DA25BEE0CE08}.Release|x86.ActiveCfg = Release|Any CPU
		{5E71D39C-E243-4E24-9209-DA25BEE0CE08}.Release|x86.Build.0 = Release|Any CPU
		{91894660-F2CB-44BB-B6EE-5541F1214E8B}.Debug|Any CPU.ActiveCfg = Debug|Any CPU
		{91894660-F2CB-44BB-B6EE-5541F1214E8B}.Debug|Any CPU.Build.0 = Debug|Any CPU
		{91894660-F2CB-44BB-B6EE-5541F1214E8B}.Debug|x86.ActiveCfg = Debug|Any CPU
		{91894660-F2CB-44BB-B6EE-5541F1214E8B}.Debug|x86.Build.0 = Debug|Any CPU
		{91894660-F2CB-44BB-B6EE-5541F1214E8B}.Release|Any CPU.ActiveCfg = Release|Any CPU
		{91894660-F2CB-44BB-B6EE-5541F1214E8B}.Release|Any CPU.Build.0 = Release|Any CPU
		{91894660-F2CB-44BB-B6EE-5541F1214E8B}.Release|x86.ActiveCfg = Release|Any CPU
		{91894660-F2CB-44BB-B6EE-5541F1214E8B}.Release|x86.Build.0 = Release|Any CPU
		{23E2616E-8F2D-4E06-B153-16B227BD58B1}.Debug|Any CPU.ActiveCfg = Debug|Any CPU
		{23E2616E-8F2D-4E06-B153-16B227BD58B1}.Debug|Any CPU.Build.0 = Debug|Any CPU
		{23E2616E-8F2D-4E06-B153-16B227BD58B1}.Debug|x86.ActiveCfg = Debug|Any CPU
		{23E2616E-8F2D-4E06-B153-16B227BD58B1}.Debug|x86.Build.0 = Debug|Any CPU
		{23E2616E-8F2D-4E06-B153-16B227BD58B1}.Release|Any CPU.ActiveCfg = Release|Any CPU
		{23E2616E-8F2D-4E06-B153-16B227BD58B1}.Release|Any CPU.Build.0 = Release|Any CPU
		{23E2616E-8F2D-4E06-B153-16B227BD58B1}.Release|x86.ActiveCfg = Release|Any CPU
		{23E2616E-8F2D-4E06-B153-16B227BD58B1}.Release|x86.Build.0 = Release|Any CPU
		{95E528D2-8221-4212-BBFF-9E529227E12C}.Debug|Any CPU.ActiveCfg = Debug|Any CPU
		{95E528D2-8221-4212-BBFF-9E529227E12C}.Debug|Any CPU.Build.0 = Debug|Any CPU
		{95E528D2-8221-4212-BBFF-9E529227E12C}.Debug|x86.ActiveCfg = Debug|Any CPU
		{95E528D2-8221-4212-BBFF-9E529227E12C}.Debug|x86.Build.0 = Debug|Any CPU
		{95E528D2-8221-4212-BBFF-9E529227E12C}.Release|Any CPU.ActiveCfg = Release|Any CPU
		{95E528D2-8221-4212-BBFF-9E529227E12C}.Release|Any CPU.Build.0 = Release|Any CPU
		{95E528D2-8221-4212-BBFF-9E529227E12C}.Release|x86.ActiveCfg = Release|Any CPU
		{95E528D2-8221-4212-BBFF-9E529227E12C}.Release|x86.Build.0 = Release|Any CPU
		{B1097FC0-779B-4248-8EFA-B4A93BBA7C69}.Debug|Any CPU.ActiveCfg = Debug|Any CPU
		{B1097FC0-779B-4248-8EFA-B4A93BBA7C69}.Debug|Any CPU.Build.0 = Debug|Any CPU
		{B1097FC0-779B-4248-8EFA-B4A93BBA7C69}.Debug|x86.ActiveCfg = Debug|Any CPU
		{B1097FC0-779B-4248-8EFA-B4A93BBA7C69}.Debug|x86.Build.0 = Debug|Any CPU
		{B1097FC0-779B-4248-8EFA-B4A93BBA7C69}.Release|Any CPU.ActiveCfg = Release|Any CPU
		{B1097FC0-779B-4248-8EFA-B4A93BBA7C69}.Release|Any CPU.Build.0 = Release|Any CPU
		{B1097FC0-779B-4248-8EFA-B4A93BBA7C69}.Release|x86.ActiveCfg = Release|Any CPU
		{B1097FC0-779B-4248-8EFA-B4A93BBA7C69}.Release|x86.Build.0 = Release|Any CPU
	EndGlobalSection
	GlobalSection(SolutionProperties) = preSolution
		HideSolutionNode = FALSE
	EndGlobalSection
	GlobalSection(NestedProjects) = preSolution
		{C5F80730-F44F-4478-BDAE-6634EFC2CA88} = {0752A2E7-A08C-4525-8E21-96297AD397DE}
		{00EEAC9B-D6D2-41DD-9553-36290B1F882D} = {0752A2E7-A08C-4525-8E21-96297AD397DE}
		{63A47E5D-FD07-453F-A2BB-1223882C2135} = {0752A2E7-A08C-4525-8E21-96297AD397DE}
		{D438F463-6F47-4ED4-A029-9766518FF6B7} = {0752A2E7-A08C-4525-8E21-96297AD397DE}
		{7F3449B8-177A-4885-B8E1-6A9DA1C6072E} = {0752A2E7-A08C-4525-8E21-96297AD397DE}
		{4BBE113E-E7CF-4370-B89B-1BD05F9C546D} = {0752A2E7-A08C-4525-8E21-96297AD397DE}
		{4FB30992-815C-4CA6-8B5D-B1354A407834} = {0752A2E7-A08C-4525-8E21-96297AD397DE}
		{A6153D7C-8A62-49E3-89D6-C364BF075C71} = {F0DF2A8C-46FC-4CE3-8466-69FD4C06A2F4}
		{36D6DA4B-4A34-4334-9C10-2E76AE5DA1D3} = {F0DF2A8C-46FC-4CE3-8466-69FD4C06A2F4}
		{6CC20FE9-F753-4461-A7B4-089C2B4B6C2A} = {F0DF2A8C-46FC-4CE3-8466-69FD4C06A2F4}
		{5E71D39C-E243-4E24-9209-DA25BEE0CE08} = {F0DF2A8C-46FC-4CE3-8466-69FD4C06A2F4}
		{91894660-F2CB-44BB-B6EE-5541F1214E8B} = {F0DF2A8C-46FC-4CE3-8466-69FD4C06A2F4}
		{23E2616E-8F2D-4E06-B153-16B227BD58B1} = {F0DF2A8C-46FC-4CE3-8466-69FD4C06A2F4}
		{95E528D2-8221-4212-BBFF-9E529227E12C} = {F0DF2A8C-46FC-4CE3-8466-69FD4C06A2F4}
		{B1097FC0-779B-4248-8EFA-B4A93BBA7C69} = {F0DF2A8C-46FC-4CE3-8466-69FD4C06A2F4}
	EndGlobalSection
	GlobalSection(ExtensibilityGlobals) = postSolution
		SolutionGuid = {2E08D8D1-4FDC-45D9-891C-D26A5C1F8F99}
	EndGlobalSection
EndGlobal
